
Microsoft Visual Studio Solution File, Format Version 12.00
# Visual Studio Version 17
VisualStudioVersion = 17.0.31903.59
MinimumVisualStudioVersion = 10.0.40219.1
Project("{2150E333-8FDC-42A3-9474-1A3956D46DE8}") = "src", "src", "{827E0CD3-B72D-47B6-A68D-7590B98EB39B}"
EndProject
Project("{FAE04EC0-301F-11D3-BF4B-00C04F79EFBC}") = "ScenarioBench.Cli", "src\ScenarioBench.Cli\ScenarioBench.Cli.csproj", "{79D82C9B-2E5D-42B5-AD7B-DA3CDF1F6116}"
EndProject
Project("{2150E333-8FDC-42A3-9474-1A3956D46DE8}") = "examples", "examples", "{B36A84DF-456D-A817-6EDD-3EC3E7F6E11F}"
EndProject
Project("{FAE04EC0-301F-11D3-BF4B-00C04F79EFBC}") = "ScenarioBench.DemoApi", "examples\demo-api\ScenarioBench.DemoApi.csproj", "{D1B7FF73-DA59-4652-B11B-B08FD719542D}"
EndProject
Project("{FAE04EC0-301F-11D3-BF4B-00C04F79EFBC}") = "ScenarioBench.Abstractions", "src\ScenarioBench.Abstractions\ScenarioBench.Abstractions.csproj", "{C2F1401C-0668-4E74-95B8-9B57C2F7908A}"
EndProject
Global
	GlobalSection(SolutionConfigurationPlatforms) = preSolution
		Debug|Any CPU = Debug|Any CPU
		Debug|x64 = Debug|x64
		Debug|x86 = Debug|x86
		Release|Any CPU = Release|Any CPU
		Release|x64 = Release|x64
		Release|x86 = Release|x86
	EndGlobalSection
	GlobalSection(ProjectConfigurationPlatforms) = postSolution
		{79D82C9B-2E5D-42B5-AD7B-DA3CDF1F6116}.Debug|Any CPU.ActiveCfg = Debug|Any CPU
		{79D82C9B-2E5D-42B5-AD7B-DA3CDF1F6116}.Debug|Any CPU.Build.0 = Debug|Any CPU
		{79D82C9B-2E5D-42B5-AD7B-DA3CDF1F6116}.Debug|x64.ActiveCfg = Debug|Any CPU
		{79D82C9B-2E5D-42B5-AD7B-DA3CDF1F6116}.Debug|x64.Build.0 = Debug|Any CPU
		{79D82C9B-2E5D-42B5-AD7B-DA3CDF1F6116}.Debug|x86.ActiveCfg = Debug|Any CPU
		{79D82C9B-2E5D-42B5-AD7B-DA3CDF1F6116}.Debug|x86.Build.0 = Debug|Any CPU
		{79D82C9B-2E5D-42B5-AD7B-DA3CDF1F6116}.Release|Any CPU.ActiveCfg = Release|Any CPU
		{79D82C9B-2E5D-42B5-AD7B-DA3CDF1F6116}.Release|Any CPU.Build.0 = Release|Any CPU
		{79D82C9B-2E5D-42B5-AD7B-DA3CDF1F6116}.Release|x64.ActiveCfg = Release|Any CPU
		{79D82C9B-2E5D-42B5-AD7B-DA3CDF1F6116}.Release|x64.Build.0 = Release|Any CPU
		{79D82C9B-2E5D-42B5-AD7B-DA3CDF1F6116}.Release|x86.ActiveCfg = Release|Any CPU
		{79D82C9B-2E5D-42B5-AD7B-DA3CDF1F6116}.Release|x86.Build.0 = Release|Any CPU
		{D1B7FF73-DA59-4652-B11B-B08FD719542D}.Debug|Any CPU.ActiveCfg = Debug|Any CPU
		{D1B7FF73-DA59-4652-B11B-B08FD719542D}.Debug|Any CPU.Build.0 = Debug|Any CPU
		{D1B7FF73-DA59-4652-B11B-B08FD719542D}.Debug|x64.ActiveCfg = Debug|Any CPU
		{D1B7FF73-DA59-4652-B11B-B08FD719542D}.Debug|x64.Build.0 = Debug|Any CPU
		{D1B7FF73-DA59-4652-B11B-B08FD719542D}.Debug|x86.ActiveCfg = Debug|Any CPU
		{D1B7FF73-DA59-4652-B11B-B08FD719542D}.Debug|x86.Build.0 = Debug|Any CPU
		{D1B7FF73-DA59-4652-B11B-B08FD719542D}.Release|Any CPU.ActiveCfg = Release|Any CPU
		{D1B7FF73-DA59-4652-B11B-B08FD719542D}.Release|Any CPU.Build.0 = Release|Any CPU
		{D1B7FF73-DA59-4652-B11B-B08FD719542D}.Release|x64.ActiveCfg = Release|Any CPU
		{D1B7FF73-DA59-4652-B11B-B08FD719542D}.Release|x64.Build.0 = Release|Any CPU
		{D1B7FF73-DA59-4652-B11B-B08FD719542D}.Release|x86.ActiveCfg = Release|Any CPU
		{D1B7FF73-DA59-4652-B11B-B08FD719542D}.Release|x86.Build.0 = Release|Any CPU
		{C2F1401C-0668-4E74-95B8-9B57C2F7908A}.Debug|Any CPU.ActiveCfg = Debug|Any CPU
		{C2F1401C-0668-4E74-95B8-9B57C2F7908A}.Debug|Any CPU.Build.0 = Debug|Any CPU
		{C2F1401C-0668-4E74-95B8-9B57C2F7908A}.Debug|x64.ActiveCfg = Debug|Any CPU
		{C2F1401C-0668-4E74-95B8-9B57C2F7908A}.Debug|x64.Build.0 = Debug|Any CPU
		{C2F1401C-0668-4E74-95B8-9B57C2F7908A}.Debug|x86.ActiveCfg = Debug|Any CPU
		{C2F1401C-0668-4E74-95B8-9B57C2F7908A}.Debug|x86.Build.0 = Debug|Any CPU
		{C2F1401C-0668-4E74-95B8-9B57C2F7908A}.Release|Any CPU.ActiveCfg = Release|Any CPU
		{C2F1401C-0668-4E74-95B8-9B57C2F7908A}.Release|Any CPU.Build.0 = Release|Any CPU
		{C2F1401C-0668-4E74-95B8-9B57C2F7908A}.Release|x64.ActiveCfg = Release|Any CPU
		{C2F1401C-0668-4E74-95B8-9B57C2F7908A}.Release|x64.Build.0 = Release|Any CPU
		{C2F1401C-0668-4E74-95B8-9B57C2F7908A}.Release|x86.ActiveCfg = Release|Any CPU
		{C2F1401C-0668-4E74-95B8-9B57C2F7908A}.Release|x86.Build.0 = Release|Any CPU
	EndGlobalSection
	GlobalSection(SolutionProperties) = preSolution
		HideSolutionNode = FALSE
	EndGlobalSection
	GlobalSection(NestedProjects) = preSolution
		{79D82C9B-2E5D-42B5-AD7B-DA3CDF1F6116} = {827E0CD3-B72D-47B6-A68D-7590B98EB39B}
		{D1B7FF73-DA59-4652-B11B-B08FD719542D} = {B36A84DF-456D-A817-6EDD-3EC3E7F6E11F}
		{C2F1401C-0668-4E74-95B8-9B57C2F7908A} = {827E0CD3-B72D-47B6-A68D-7590B98EB39B}
	EndGlobalSection
EndGlobal
